{
  "nodes": {
    "agenix": {
      "inputs": {
        "nixpkgs": [
          "nixpkgs"
        ]
      },
      "locked": {
        "lastModified": 1646845404,
        "narHash": "sha256-JENXFCI2HVqi0whBzt7MAW9PX3ziEaYqBhMux+4g+VM=",
        "owner": "ryantm",
        "repo": "agenix",
        "rev": "764c975e74bce2f89a5106b68ec48e2b586f893c",
        "type": "github"
      },
      "original": {
        "owner": "ryantm",
        "repo": "agenix",
        "type": "github"
      }
    },
    "darwin": {
      "inputs": {
        "nixpkgs": [
          "nixpkgs"
        ]
      },
      "locked": {
        "lastModified": 1647173930,
        "narHash": "sha256-8oca3Pc68VrCp8HeOtHmzs5g0rdQnPO9beDEEZJ02W0=",
        "owner": "lnl7",
        "repo": "nix-darwin",
        "rev": "17fbc68a6110edbff67e55f7450230a697ecb17e",
        "type": "github"
      },
      "original": {
        "owner": "lnl7",
        "ref": "master",
        "repo": "nix-darwin",
        "type": "github"
      }
    },
    "homemanager": {
      "inputs": {
        "nixpkgs": [
          "nixpkgs"
        ]
      },
      "locked": {
        "lastModified": 1647903177,
        "narHash": "sha256-9aWSpW/F8POA/7cuVpoqhVGfjAgcGRIinwxUaXmUpkk=",
        "owner": "nix-community",
        "repo": "home-manager",
        "rev": "80b4360678fa7890964ba8e40a722985bf8d107e",
        "type": "github"
      },
      "original": {
        "owner": "nix-community",
        "repo": "home-manager",
        "type": "github"
      }
    },
    "nixpkgs": {
      "locked": {
        "lastModified": 1647089892,
        "narHash": "sha256-3HAUy+Z2iZ5DSlwFx6f+gSr306JOqdJ+F83fC443jKw=",
        "owner": "nixos",
        "repo": "nixpkgs",
        "rev": "e3c697f701a0a27086da0fe0818859310644ce5a",
        "type": "github"
      },
      "original": {
        "owner": "nixos",
        "ref": "nixpkgs-21.11-darwin",
        "repo": "nixpkgs",
        "type": "github"
      }
    },
    "nur": {
      "locked": {
        "lastModified": 1647951407,
        "narHash": "sha256-nUVdUa8XwIpHtVRuiSzsBbIMNAPkR/OQ1VrJZHY5AII=",
        "owner": "nix-community",
        "repo": "NUR",
        "rev": "7248231649a479fd4e99ee8030ad8a0bbc188380",
        "type": "github"
      },
      "original": {
        "owner": "nix-community",
        "repo": "NUR",
        "type": "github"
      }
    },
    "root": {
      "inputs": {
        "agenix": "agenix",
        "darwin": "darwin",
        "homemanager": "homemanager",
        "nixpkgs": "nixpkgs",
        "nur": "nur",
        "unstable": "unstable"
      }
    },
    "unstable": {
      "locked": {
        "lastModified": 1647350163,
        "narHash": "sha256-OcMI+PFEHTONthXuEQNddt16Ml7qGvanL3x8QOl2Aao=",
        "owner": "nixos",
        "repo": "nixpkgs",
        "rev": "3eb07eeafb52bcbf02ce800f032f18d666a9498d",
        "type": "github"
      },
      "original": {
        "owner": "nixos",
        "ref": "nixpkgs-unstable",
        "repo": "nixpkgs",
        "type": "github"
      }
    }
  },
  "root": "root",
  "version": 7
}
